
Microsoft Visual Studio Solution File, Format Version 12.00
# Visual Studio 14
VisualStudioVersion = 14.0.25420.1
MinimumVisualStudioVersion = 10.0.40219.1
Project("{FAE04EC0-301F-11D3-BF4B-00C04F79EFBC}") = "Sakamichi46Mobile.Droid", "Sakamichi46Mobile\Sakamichi46Mobile.Droid\Sakamichi46Mobile.Droid.csproj", "{84F3759C-9857-4CA7-8566-24C255C4E7B8}"
EndProject
Project("{FAE04EC0-301F-11D3-BF4B-00C04F79EFBC}") = "Sakamichi46Mobile.iOS", "Sakamichi46Mobile\Sakamichi46Mobile.iOS\Sakamichi46Mobile.iOS.csproj", "{A024121C-400F-4702-A5FB-1E1C548CA4B0}"
EndProject
Project("{FAE04EC0-301F-11D3-BF4B-00C04F79EFBC}") = "Sakamichi46Mobile.WinPhone", "Sakamichi46Mobile\Sakamichi46Mobile.WinPhone\Sakamichi46Mobile.WinPhone.csproj", "{14212C12-FF97-4828-9E29-58B30042C521}"
EndProject
Project("{FAE04EC0-301F-11D3-BF4B-00C04F79EFBC}") = "Sakamichi46Mobile", "Sakamichi46Mobile\Sakamichi46Mobile\Sakamichi46Mobile.csproj", "{8FE87D0E-C7E5-41FC-B8B7-C11380C4CCAC}"
EndProject
Project("{FAE04EC0-301F-11D3-BF4B-00C04F79EFBC}") = "Sakamichi46Mobile.UWP", "Sakamichi46Mobile\Sakamichi46Mobile.UWP\Sakamichi46Mobile.UWP.csproj", "{50268689-3860-4689-9C5D-251AABCB8419}"
EndProject
Global
	GlobalSection(SolutionConfigurationPlatforms) = preSolution
		Ad-Hoc|Any CPU = Ad-Hoc|Any CPU
		Ad-Hoc|ARM = Ad-Hoc|ARM
		Ad-Hoc|iPhone = Ad-Hoc|iPhone
		Ad-Hoc|iPhoneSimulator = Ad-Hoc|iPhoneSimulator
		Ad-Hoc|x64 = Ad-Hoc|x64
		Ad-Hoc|x86 = Ad-Hoc|x86
		AppStore|Any CPU = AppStore|Any CPU
		AppStore|ARM = AppStore|ARM
		AppStore|iPhone = AppStore|iPhone
		AppStore|iPhoneSimulator = AppStore|iPhoneSimulator
		AppStore|x64 = AppStore|x64
		AppStore|x86 = AppStore|x86
		Debug|Any CPU = Debug|Any CPU
		Debug|ARM = Debug|ARM
		Debug|iPhone = Debug|iPhone
		Debug|iPhoneSimulator = Debug|iPhoneSimulator
		Debug|x64 = Debug|x64
		Debug|x86 = Debug|x86
		Release|Any CPU = Release|Any CPU
		Release|ARM = Release|ARM
		Release|iPhone = Release|iPhone
		Release|iPhoneSimulator = Release|iPhoneSimulator
		Release|x64 = Release|x64
		Release|x86 = Release|x86
	EndGlobalSection
	GlobalSection(ProjectConfigurationPlatforms) = postSolution
		{84F3759C-9857-4CA7-8566-24C255C4E7B8}.Ad-Hoc|Any CPU.ActiveCfg = Release|Any CPU
		{84F3759C-9857-4CA7-8566-24C255C4E7B8}.Ad-Hoc|Any CPU.Build.0 = Release|Any CPU
		{84F3759C-9857-4CA7-8566-24C255C4E7B8}.Ad-Hoc|Any CPU.Deploy.0 = Release|Any CPU
		{84F3759C-9857-4CA7-8566-24C255C4E7B8}.Ad-Hoc|ARM.ActiveCfg = Release|Any CPU
		{84F3759C-9857-4CA7-8566-24C255C4E7B8}.Ad-Hoc|ARM.Build.0 = Release|Any CPU
		{84F3759C-9857-4CA7-8566-24C255C4E7B8}.Ad-Hoc|ARM.Deploy.0 = Release|Any CPU
		{84F3759C-9857-4CA7-8566-24C255C4E7B8}.Ad-Hoc|iPhone.ActiveCfg = Release|Any CPU
		{84F3759C-9857-4CA7-8566-24C255C4E7B8}.Ad-Hoc|iPhone.Build.0 = Release|Any CPU
		{84F3759C-9857-4CA7-8566-24C255C4E7B8}.Ad-Hoc|iPhone.Deploy.0 = Release|Any CPU
		{84F3759C-9857-4CA7-8566-24C255C4E7B8}.Ad-Hoc|iPhoneSimulator.ActiveCfg = Release|Any CPU
		{84F3759C-9857-4CA7-8566-24C255C4E7B8}.Ad-Hoc|iPhoneSimulator.Build.0 = Release|Any CPU
		{84F3759C-9857-4CA7-8566-24C255C4E7B8}.Ad-Hoc|iPhoneSimulator.Deploy.0 = Release|Any CPU
		{84F3759C-9857-4CA7-8566-24C255C4E7B8}.Ad-Hoc|x64.ActiveCfg = Release|Any CPU
		{84F3759C-9857-4CA7-8566-24C255C4E7B8}.Ad-Hoc|x64.Build.0 = Release|Any CPU
		{84F3759C-9857-4CA7-8566-24C255C4E7B8}.Ad-Hoc|x64.Deploy.0 = Release|Any CPU
		{84F3759C-9857-4CA7-8566-24C255C4E7B8}.Ad-Hoc|x86.ActiveCfg = Release|Any CPU
		{84F3759C-9857-4CA7-8566-24C255C4E7B8}.Ad-Hoc|x86.Build.0 = Release|Any CPU
		{84F3759C-9857-4CA7-8566-24C255C4E7B8}.Ad-Hoc|x86.Deploy.0 = Release|Any CPU
		{84F3759C-9857-4CA7-8566-24C255C4E7B8}.AppStore|Any CPU.ActiveCfg = Release|Any CPU
		{84F3759C-9857-4CA7-8566-24C255C4E7B8}.AppStore|Any CPU.Build.0 = Release|Any CPU
		{84F3759C-9857-4CA7-8566-24C255C4E7B8}.AppStore|Any CPU.Deploy.0 = Release|Any CPU
		{84F3759C-9857-4CA7-8566-24C255C4E7B8}.AppStore|ARM.ActiveCfg = Release|Any CPU
		{84F3759C-9857-4CA7-8566-24C255C4E7B8}.AppStore|ARM.Build.0 = Release|Any CPU
		{84F3759C-9857-4CA7-8566-24C255C4E7B8}.AppStore|ARM.Deploy.0 = Release|Any CPU
		{84F3759C-9857-4CA7-8566-24C255C4E7B8}.AppStore|iPhone.ActiveCfg = Release|Any CPU
		{84F3759C-9857-4CA7-8566-24C255C4E7B8}.AppStore|iPhone.Build.0 = Release|Any CPU
		{84F3759C-9857-4CA7-8566-24C255C4E7B8}.AppStore|iPhone.Deploy.0 = Release|Any CPU
		{84F3759C-9857-4CA7-8566-24C255C4E7B8}.AppStore|iPhoneSimulator.ActiveCfg = Release|Any CPU
		{84F3759C-9857-4CA7-8566-24C255C4E7B8}.AppStore|iPhoneSimulator.Build.0 = Release|Any CPU
		{84F3759C-9857-4CA7-8566-24C255C4E7B8}.AppStore|iPhoneSimulator.Deploy.0 = Release|Any CPU
		{84F3759C-9857-4CA7-8566-24C255C4E7B8}.AppStore|x64.ActiveCfg = Release|Any CPU
		{84F3759C-9857-4CA7-8566-24C255C4E7B8}.AppStore|x64.Build.0 = Release|Any CPU
		{84F3759C-9857-4CA7-8566-24C255C4E7B8}.AppStore|x64.Deploy.0 = Release|Any CPU
		{84F3759C-9857-4CA7-8566-24C255C4E7B8}.AppStore|x86.ActiveCfg = Release|Any CPU
		{84F3759C-9857-4CA7-8566-24C255C4E7B8}.AppStore|x86.Build.0 = Release|Any CPU
		{84F3759C-9857-4CA7-8566-24C255C4E7B8}.AppStore|x86.Deploy.0 = Release|Any CPU
		{84F3759C-9857-4CA7-8566-24C255C4E7B8}.Debug|Any CPU.ActiveCfg = Debug|Any CPU
		{84F3759C-9857-4CA7-8566-24C255C4E7B8}.Debug|Any CPU.Build.0 = Debug|Any CPU
		{84F3759C-9857-4CA7-8566-24C255C4E7B8}.Debug|Any CPU.Deploy.0 = Debug|Any CPU
		{84F3759C-9857-4CA7-8566-24C255C4E7B8}.Debug|ARM.ActiveCfg = Debug|Any CPU
		{84F3759C-9857-4CA7-8566-24C255C4E7B8}.Debug|ARM.Build.0 = Debug|Any CPU
		{84F3759C-9857-4CA7-8566-24C255C4E7B8}.Debug|ARM.Deploy.0 = Debug|Any CPU
		{84F3759C-9857-4CA7-8566-24C255C4E7B8}.Debug|iPhone.ActiveCfg = Debug|Any CPU
		{84F3759C-9857-4CA7-8566-24C255C4E7B8}.Debug|iPhone.Build.0 = Debug|Any CPU
		{84F3759C-9857-4CA7-8566-24C255C4E7B8}.Debug|iPhone.Deploy.0 = Debug|Any CPU
		{84F3759C-9857-4CA7-8566-24C255C4E7B8}.Debug|iPhoneSimulator.ActiveCfg = Debug|Any CPU
		{84F3759C-9857-4CA7-8566-24C255C4E7B8}.Debug|iPhoneSimulator.Build.0 = Debug|Any CPU
		{84F3759C-9857-4CA7-8566-24C255C4E7B8}.Debug|iPhoneSimulator.Deploy.0 = Debug|Any CPU
		{84F3759C-9857-4CA7-8566-24C255C4E7B8}.Debug|x64.ActiveCfg = Debug|Any CPU
		{84F3759C-9857-4CA7-8566-24C255C4E7B8}.Debug|x64.Build.0 = Debug|Any CPU
		{84F3759C-9857-4CA7-8566-24C255C4E7B8}.Debug|x64.Deploy.0 = Debug|Any CPU
		{84F3759C-9857-4CA7-8566-24C255C4E7B8}.Debug|x86.ActiveCfg = Debug|Any CPU
		{84F3759C-9857-4CA7-8566-24C255C4E7B8}.Debug|x86.Build.0 = Debug|Any CPU
		{84F3759C-9857-4CA7-8566-24C255C4E7B8}.Debug|x86.Deploy.0 = Debug|Any CPU
		{84F3759C-9857-4CA7-8566-24C255C4E7B8}.Release|Any CPU.ActiveCfg = Release|Any CPU
		{84F3759C-9857-4CA7-8566-24C255C4E7B8}.Release|Any CPU.Build.0 = Release|Any CPU
		{84F3759C-9857-4CA7-8566-24C255C4E7B8}.Release|Any CPU.Deploy.0 = Release|Any CPU
		{84F3759C-9857-4CA7-8566-24C255C4E7B8}.Release|ARM.ActiveCfg = Release|Any CPU
		{84F3759C-9857-4CA7-8566-24C255C4E7B8}.Release|ARM.Build.0 = Release|Any CPU
		{84F3759C-9857-4CA7-8566-24C255C4E7B8}.Release|ARM.Deploy.0 = Release|Any CPU
		{84F3759C-9857-4CA7-8566-24C255C4E7B8}.Release|iPhone.ActiveCfg = Release|Any CPU
		{84F3759C-9857-4CA7-8566-24C255C4E7B8}.Release|iPhone.Build.0 = Release|Any CPU
		{84F3759C-9857-4CA7-8566-24C255C4E7B8}.Release|iPhone.Deploy.0 = Release|Any CPU
		{84F3759C-9857-4CA7-8566-24C255C4E7B8}.Release|iPhoneSimulator.ActiveCfg = Release|Any CPU
		{84F3759C-9857-4CA7-8566-24C255C4E7B8}.Release|iPhoneSimulator.Build.0 = Release|Any CPU
		{84F3759C-9857-4CA7-8566-24C255C4E7B8}.Release|iPhoneSimulator.Deploy.0 = Release|Any CPU
		{84F3759C-9857-4CA7-8566-24C255C4E7B8}.Release|x64.ActiveCfg = Release|Any CPU
		{84F3759C-9857-4CA7-8566-24C255C4E7B8}.Release|x64.Build.0 = Release|Any CPU
		{84F3759C-9857-4CA7-8566-24C255C4E7B8}.Release|x64.Deploy.0 = Release|Any CPU
		{84F3759C-9857-4CA7-8566-24C255C4E7B8}.Release|x86.ActiveCfg = Release|Any CPU
		{84F3759C-9857-4CA7-8566-24C255C4E7B8}.Release|x86.Build.0 = Release|Any CPU
		{84F3759C-9857-4CA7-8566-24C255C4E7B8}.Release|x86.Deploy.0 = Release|Any CPU
		{A024121C-400F-4702-A5FB-1E1C548CA4B0}.Ad-Hoc|Any CPU.ActiveCfg = Ad-Hoc|iPhone
		{A024121C-400F-4702-A5FB-1E1C548CA4B0}.Ad-Hoc|ARM.ActiveCfg = Ad-Hoc|iPhone
		{A024121C-400F-4702-A5FB-1E1C548CA4B0}.Ad-Hoc|iPhone.ActiveCfg = Ad-Hoc|iPhone
		{A024121C-400F-4702-A5FB-1E1C548CA4B0}.Ad-Hoc|iPhone.Build.0 = Ad-Hoc|iPhone
		{A024121C-400F-4702-A5FB-1E1C548CA4B0}.Ad-Hoc|iPhoneSimulator.ActiveCfg = Ad-Hoc|iPhoneSimulator
		{A024121C-400F-4702-A5FB-1E1C548CA4B0}.Ad-Hoc|iPhoneSimulator.Build.0 = Ad-Hoc|iPhoneSimulator
		{A024121C-400F-4702-A5FB-1E1C548CA4B0}.Ad-Hoc|x64.ActiveCfg = Ad-Hoc|iPhone
		{A024121C-400F-4702-A5FB-1E1C548CA4B0}.Ad-Hoc|x86.ActiveCfg = Ad-Hoc|iPhone
		{A024121C-400F-4702-A5FB-1E1C548CA4B0}.AppStore|Any CPU.ActiveCfg = AppStore|iPhone
		{A024121C-400F-4702-A5FB-1E1C548CA4B0}.AppStore|ARM.ActiveCfg = AppStore|iPhone
		{A024121C-400F-4702-A5FB-1E1C548CA4B0}.AppStore|iPhone.ActiveCfg = AppStore|iPhone
		{A024121C-400F-4702-A5FB-1E1C548CA4B0}.AppStore|iPhone.Build.0 = AppStore|iPhone
		{A024121C-400F-4702-A5FB-1E1C548CA4B0}.AppStore|iPhoneSimulator.ActiveCfg = AppStore|iPhoneSimulator
		{A024121C-400F-4702-A5FB-1E1C548CA4B0}.AppStore|iPhoneSimulator.Build.0 = AppStore|iPhoneSimulator
		{A024121C-400F-4702-A5FB-1E1C548CA4B0}.AppStore|x64.ActiveCfg = AppStore|iPhone
		{A024121C-400F-4702-A5FB-1E1C548CA4B0}.AppStore|x86.ActiveCfg = AppStore|iPhone
		{A024121C-400F-4702-A5FB-1E1C548CA4B0}.Debug|Any CPU.ActiveCfg = Debug|iPhone
		{A024121C-400F-4702-A5FB-1E1C548CA4B0}.Debug|ARM.ActiveCfg = Debug|iPhone
		{A024121C-400F-4702-A5FB-1E1C548CA4B0}.Debug|iPhone.ActiveCfg = Debug|iPhone
		{A024121C-400F-4702-A5FB-1E1C548CA4B0}.Debug|iPhone.Build.0 = Debug|iPhone
		{A024121C-400F-4702-A5FB-1E1C548CA4B0}.Debug|iPhoneSimulator.ActiveCfg = Debug|iPhoneSimulator
		{A024121C-400F-4702-A5FB-1E1C548CA4B0}.Debug|iPhoneSimulator.Build.0 = Debug|iPhoneSimulator
		{A024121C-400F-4702-A5FB-1E1C548CA4B0}.Debug|x64.ActiveCfg = Debug|iPhone
		{A024121C-400F-4702-A5FB-1E1C548CA4B0}.Debug|x86.ActiveCfg = Debug|iPhone
		{A024121C-400F-4702-A5FB-1E1C548CA4B0}.Release|Any CPU.ActiveCfg = Release|iPhone
		{A024121C-400F-4702-A5FB-1E1C548CA4B0}.Release|ARM.ActiveCfg = Release|iPhone
		{A024121C-400F-4702-A5FB-1E1C548CA4B0}.Release|iPhone.ActiveCfg = Release|iPhone
		{A024121C-400F-4702-A5FB-1E1C548CA4B0}.Release|iPhone.Build.0 = Release|iPhone
		{A024121C-400F-4702-A5FB-1E1C548CA4B0}.Release|iPhoneSimulator.ActiveCfg = Release|iPhoneSimulator
		{A024121C-400F-4702-A5FB-1E1C548CA4B0}.Release|iPhoneSimulator.Build.0 = Release|iPhoneSimulator
		{A024121C-400F-4702-A5FB-1E1C548CA4B0}.Release|x64.ActiveCfg = Release|iPhone
		{A024121C-400F-4702-A5FB-1E1C548CA4B0}.Release|x86.ActiveCfg = Release|iPhone
		{14212C12-FF97-4828-9E29-58B30042C521}.Ad-Hoc|Any CPU.ActiveCfg = Release|Any CPU
		{14212C12-FF97-4828-9E29-58B30042C521}.Ad-Hoc|Any CPU.Build.0 = Release|Any CPU
		{14212C12-FF97-4828-9E29-58B30042C521}.Ad-Hoc|Any CPU.Deploy.0 = Release|Any CPU
		{14212C12-FF97-4828-9E29-58B30042C521}.Ad-Hoc|ARM.ActiveCfg = Release|ARM
		{14212C12-FF97-4828-9E29-58B30042C521}.Ad-Hoc|ARM.Build.0 = Release|ARM
		{14212C12-FF97-4828-9E29-58B30042C521}.Ad-Hoc|ARM.Deploy.0 = Release|ARM
		{14212C12-FF97-4828-9E29-58B30042C521}.Ad-Hoc|iPhone.ActiveCfg = Release|Any CPU
		{14212C12-FF97-4828-9E29-58B30042C521}.Ad-Hoc|iPhone.Build.0 = Release|Any CPU
		{14212C12-FF97-4828-9E29-58B30042C521}.Ad-Hoc|iPhone.Deploy.0 = Release|Any CPU
		{14212C12-FF97-4828-9E29-58B30042C521}.Ad-Hoc|iPhoneSimulator.ActiveCfg = Release|Any CPU
		{14212C12-FF97-4828-9E29-58B30042C521}.Ad-Hoc|iPhoneSimulator.Build.0 = Release|Any CPU
		{14212C12-FF97-4828-9E29-58B30042C521}.Ad-Hoc|iPhoneSimulator.Deploy.0 = Release|Any CPU
		{14212C12-FF97-4828-9E29-58B30042C521}.Ad-Hoc|x64.ActiveCfg = Release|Any CPU
		{14212C12-FF97-4828-9E29-58B30042C521}.Ad-Hoc|x64.Build.0 = Release|Any CPU
		{14212C12-FF97-4828-9E29-58B30042C521}.Ad-Hoc|x64.Deploy.0 = Release|Any CPU
		{14212C12-FF97-4828-9E29-58B30042C521}.Ad-Hoc|x86.ActiveCfg = Release|x86
		{14212C12-FF97-4828-9E29-58B30042C521}.Ad-Hoc|x86.Build.0 = Release|x86
		{14212C12-FF97-4828-9E29-58B30042C521}.Ad-Hoc|x86.Deploy.0 = Release|x86
		{14212C12-FF97-4828-9E29-58B30042C521}.AppStore|Any CPU.ActiveCfg = Release|Any CPU
		{14212C12-FF97-4828-9E29-58B30042C521}.AppStore|Any CPU.Build.0 = Release|Any CPU
		{14212C12-FF97-4828-9E29-58B30042C521}.AppStore|Any CPU.Deploy.0 = Release|Any CPU
		{14212C12-FF97-4828-9E29-58B30042C521}.AppStore|ARM.ActiveCfg = Release|ARM
		{14212C12-FF97-4828-9E29-58B30042C521}.AppStore|ARM.Build.0 = Release|ARM
		{14212C12-FF97-4828-9E29-58B30042C521}.AppStore|ARM.Deploy.0 = Release|ARM
		{14212C12-FF97-4828-9E29-58B30042C521}.AppStore|iPhone.ActiveCfg = Release|Any CPU
		{14212C12-FF97-4828-9E29-58B30042C521}.AppStore|iPhone.Build.0 = Release|Any CPU
		{14212C12-FF97-4828-9E29-58B30042C521}.AppStore|iPhone.Deploy.0 = Release|Any CPU
		{14212C12-FF97-4828-9E29-58B30042C521}.AppStore|iPhoneSimulator.ActiveCfg = Release|Any CPU
		{14212C12-FF97-4828-9E29-58B30042C521}.AppStore|iPhoneSimulator.Build.0 = Release|Any CPU
		{14212C12-FF97-4828-9E29-58B30042C521}.AppStore|iPhoneSimulator.Deploy.0 = Release|Any CPU
		{14212C12-FF97-4828-9E29-58B30042C521}.AppStore|x64.ActiveCfg = Release|Any CPU
		{14212C12-FF97-4828-9E29-58B30042C521}.AppStore|x64.Build.0 = Release|Any CPU
		{14212C12-FF97-4828-9E29-58B30042C521}.AppStore|x64.Deploy.0 = Release|Any CPU
		{14212C12-FF97-4828-9E29-58B30042C521}.AppStore|x86.ActiveCfg = Release|x86
		{14212C12-FF97-4828-9E29-58B30042C521}.AppStore|x86.Build.0 = Release|x86
		{14212C12-FF97-4828-9E29-58B30042C521}.AppStore|x86.Deploy.0 = Release|x86
		{14212C12-FF97-4828-9E29-58B30042C521}.Debug|Any CPU.ActiveCfg = Debug|Any CPU
		{14212C12-FF97-4828-9E29-58B30042C521}.Debug|ARM.ActiveCfg = Debug|ARM
		{14212C12-FF97-4828-9E29-58B30042C521}.Debug|ARM.Build.0 = Debug|ARM
		{14212C12-FF97-4828-9E29-58B30042C521}.Debug|ARM.Deploy.0 = Debug|ARM
		{14212C12-FF97-4828-9E29-58B30042C521}.Debug|iPhone.ActiveCfg = Debug|Any CPU
		{14212C12-FF97-4828-9E29-58B30042C521}.Debug|iPhone.Build.0 = Debug|Any CPU
		{14212C12-FF97-4828-9E29-58B30042C521}.Debug|iPhone.Deploy.0 = Debug|Any CPU
		{14212C12-FF97-4828-9E29-58B30042C521}.Debug|iPhoneSimulator.ActiveCfg = Debug|Any CPU
		{14212C12-FF97-4828-9E29-58B30042C521}.Debug|iPhoneSimulator.Build.0 = Debug|Any CPU
		{14212C12-FF97-4828-9E29-58B30042C521}.Debug|iPhoneSimulator.Deploy.0 = Debug|Any CPU
		{14212C12-FF97-4828-9E29-58B30042C521}.Debug|x64.ActiveCfg = Debug|Any CPU
		{14212C12-FF97-4828-9E29-58B30042C521}.Debug|x64.Build.0 = Debug|Any CPU
		{14212C12-FF97-4828-9E29-58B30042C521}.Debug|x64.Deploy.0 = Debug|Any CPU
		{14212C12-FF97-4828-9E29-58B30042C521}.Debug|x86.ActiveCfg = Debug|x86
		{14212C12-FF97-4828-9E29-58B30042C521}.Release|Any CPU.ActiveCfg = Release|Any CPU
		{14212C12-FF97-4828-9E29-58B30042C521}.Release|Any CPU.Build.0 = Release|Any CPU
		{14212C12-FF97-4828-9E29-58B30042C521}.Release|Any CPU.Deploy.0 = Release|Any CPU
		{14212C12-FF97-4828-9E29-58B30042C521}.Release|ARM.ActiveCfg = Release|ARM
		{14212C12-FF97-4828-9E29-58B30042C521}.Release|ARM.Build.0 = Release|ARM
		{14212C12-FF97-4828-9E29-58B30042C521}.Release|ARM.Deploy.0 = Release|ARM
		{14212C12-FF97-4828-9E29-58B30042C521}.Release|iPhone.ActiveCfg = Release|Any CPU
		{14212C12-FF97-4828-9E29-58B30042C521}.Release|iPhone.Build.0 = Release|Any CPU
		{14212C12-FF97-4828-9E29-58B30042C521}.Release|iPhone.Deploy.0 = Release|Any CPU
		{14212C12-FF97-4828-9E29-58B30042C521}.Release|iPhoneSimulator.ActiveCfg = Release|Any CPU
		{14212C12-FF97-4828-9E29-58B30042C521}.Release|iPhoneSimulator.Build.0 = Release|Any CPU
		{14212C12-FF97-4828-9E29-58B30042C521}.Release|iPhoneSimulator.Deploy.0 = Release|Any CPU
		{14212C12-FF97-4828-9E29-58B30042C521}.Release|x64.ActiveCfg = Release|Any CPU
		{14212C12-FF97-4828-9E29-58B30042C521}.Release|x64.Build.0 = Release|Any CPU
		{14212C12-FF97-4828-9E29-58B30042C521}.Release|x64.Deploy.0 = Release|Any CPU
		{14212C12-FF97-4828-9E29-58B30042C521}.Release|x86.ActiveCfg = Release|x86
		{14212C12-FF97-4828-9E29-58B30042C521}.Release|x86.Build.0 = Release|x86
		{14212C12-FF97-4828-9E29-58B30042C521}.Release|x86.Deploy.0 = Release|x86
		{8FE87D0E-C7E5-41FC-B8B7-C11380C4CCAC}.Ad-Hoc|Any CPU.ActiveCfg = Release|Any CPU
		{8FE87D0E-C7E5-41FC-B8B7-C11380C4CCAC}.Ad-Hoc|Any CPU.Build.0 = Release|Any CPU
		{8FE87D0E-C7E5-41FC-B8B7-C11380C4CCAC}.Ad-Hoc|ARM.ActiveCfg = Release|Any CPU
		{8FE87D0E-C7E5-41FC-B8B7-C11380C4CCAC}.Ad-Hoc|ARM.Build.0 = Release|Any CPU
		{8FE87D0E-C7E5-41FC-B8B7-C11380C4CCAC}.Ad-Hoc|iPhone.ActiveCfg = Release|Any CPU
		{8FE87D0E-C7E5-41FC-B8B7-C11380C4CCAC}.Ad-Hoc|iPhone.Build.0 = Release|Any CPU
		{8FE87D0E-C7E5-41FC-B8B7-C11380C4CCAC}.Ad-Hoc|iPhoneSimulator.ActiveCfg = Release|Any CPU
		{8FE87D0E-C7E5-41FC-B8B7-C11380C4CCAC}.Ad-Hoc|iPhoneSimulator.Build.0 = Release|Any CPU
		{8FE87D0E-C7E5-41FC-B8B7-C11380C4CCAC}.Ad-Hoc|x64.ActiveCfg = Release|Any CPU
		{8FE87D0E-C7E5-41FC-B8B7-C11380C4CCAC}.Ad-Hoc|x64.Build.0 = Release|Any CPU
		{8FE87D0E-C7E5-41FC-B8B7-C11380C4CCAC}.Ad-Hoc|x86.ActiveCfg = Release|Any CPU
		{8FE87D0E-C7E5-41FC-B8B7-C11380C4CCAC}.Ad-Hoc|x86.Build.0 = Release|Any CPU
		{8FE87D0E-C7E5-41FC-B8B7-C11380C4CCAC}.AppStore|Any CPU.ActiveCfg = Release|Any CPU
		{8FE87D0E-C7E5-41FC-B8B7-C11380C4CCAC}.AppStore|Any CPU.Build.0 = Release|Any CPU
		{8FE87D0E-C7E5-41FC-B8B7-C11380C4CCAC}.AppStore|ARM.ActiveCfg = Release|Any CPU
		{8FE87D0E-C7E5-41FC-B8B7-C11380C4CCAC}.AppStore|ARM.Build.0 = Release|Any CPU
		{8FE87D0E-C7E5-41FC-B8B7-C11380C4CCAC}.AppStore|iPhone.ActiveCfg = Release|Any CPU
		{8FE87D0E-C7E5-41FC-B8B7-C11380C4CCAC}.AppStore|iPhone.Build.0 = Release|Any CPU
		{8FE87D0E-C7E5-41FC-B8B7-C11380C4CCAC}.AppStore|iPhoneSimulator.ActiveCfg = Release|Any CPU
		{8FE87D0E-C7E5-41FC-B8B7-C11380C4CCAC}.AppStore|iPhoneSimulator.Build.0 = Release|Any CPU
		{8FE87D0E-C7E5-41FC-B8B7-C11380C4CCAC}.AppStore|x64.ActiveCfg = Release|Any CPU
		{8FE87D0E-C7E5-41FC-B8B7-C11380C4CCAC}.AppStore|x64.Build.0 = Release|Any CPU
		{8FE87D0E-C7E5-41FC-B8B7-C11380C4CCAC}.AppStore|x86.ActiveCfg = Release|Any CPU
		{8FE87D0E-C7E5-41FC-B8B7-C11380C4CCAC}.AppStore|x86.Build.0 = Release|Any CPU
		{8FE87D0E-C7E5-41FC-B8B7-C11380C4CCAC}.Debug|Any CPU.ActiveCfg = Debug|Any CPU
		{8FE87D0E-C7E5-41FC-B8B7-C11380C4CCAC}.Debug|Any CPU.Build.0 = Debug|Any CPU
		{8FE87D0E-C7E5-41FC-B8B7-C11380C4CCAC}.Debug|ARM.ActiveCfg = Debug|Any CPU
		{8FE87D0E-C7E5-41FC-B8B7-C11380C4CCAC}.Debug|ARM.Build.0 = Debug|Any CPU
		{8FE87D0E-C7E5-41FC-B8B7-C11380C4CCAC}.Debug|iPhone.ActiveCfg = Debug|Any CPU
		{8FE87D0E-C7E5-41FC-B8B7-C11380C4CCAC}.Debug|iPhone.Build.0 = Debug|Any CPU
		{8FE87D0E-C7E5-41FC-B8B7-C11380C4CCAC}.Debug|iPhoneSimulator.ActiveCfg = Debug|Any CPU
		{8FE87D0E-C7E5-41FC-B8B7-C11380C4CCAC}.Debug|iPhoneSimulator.Build.0 = Debug|Any CPU
		{8FE87D0E-C7E5-41FC-B8B7-C11380C4CCAC}.Debug|x64.ActiveCfg = Debug|Any CPU
		{8FE87D0E-C7E5-41FC-B8B7-C11380C4CCAC}.Debug|x64.Build.0 = Debug|Any CPU
		{8FE87D0E-C7E5-41FC-B8B7-C11380C4CCAC}.Debug|x86.ActiveCfg = Debug|Any CPU
		{8FE87D0E-C7E5-41FC-B8B7-C11380C4CCAC}.Debug|x86.Build.0 = Debug|Any CPU
		{8FE87D0E-C7E5-41FC-B8B7-C11380C4CCAC}.Release|Any CPU.ActiveCfg = Release|Any CPU
		{8FE87D0E-C7E5-41FC-B8B7-C11380C4CCAC}.Release|Any CPU.Build.0 = Release|Any CPU
		{8FE87D0E-C7E5-41FC-B8B7-C11380C4CCAC}.Release|ARM.ActiveCfg = Release|Any CPU
		{8FE87D0E-C7E5-41FC-B8B7-C11380C4CCAC}.Release|ARM.Build.0 = Release|Any CPU
		{8FE87D0E-C7E5-41FC-B8B7-C11380C4CCAC}.Release|iPhone.ActiveCfg = Release|Any CPU
		{8FE87D0E-C7E5-41FC-B8B7-C11380C4CCAC}.Release|iPhone.Build.0 = Release|Any CPU
		{8FE87D0E-C7E5-41FC-B8B7-C11380C4CCAC}.Release|iPhoneSimulator.ActiveCfg = Release|Any CPU
		{8FE87D0E-C7E5-41FC-B8B7-C11380C4CCAC}.Release|iPhoneSimulator.Build.0 = Release|Any CPU
		{8FE87D0E-C7E5-41FC-B8B7-C11380C4CCAC}.Release|x64.ActiveCfg = Release|Any CPU
		{8FE87D0E-C7E5-41FC-B8B7-C11380C4CCAC}.Release|x64.Build.0 = Release|Any CPU
		{8FE87D0E-C7E5-41FC-B8B7-C11380C4CCAC}.Release|x86.ActiveCfg = Release|Any CPU
		{8FE87D0E-C7E5-41FC-B8B7-C11380C4CCAC}.Release|x86.Build.0 = Release|Any CPU
		{50268689-3860-4689-9C5D-251AABCB8419}.Ad-Hoc|Any CPU.ActiveCfg = Release|x64
		{50268689-3860-4689-9C5D-251AABCB8419}.Ad-Hoc|Any CPU.Build.0 = Release|x64
		{50268689-3860-4689-9C5D-251AABCB8419}.Ad-Hoc|Any CPU.Deploy.0 = Release|x64
		{50268689-3860-4689-9C5D-251AABCB8419}.Ad-Hoc|ARM.ActiveCfg = Release|ARM
		{50268689-3860-4689-9C5D-251AABCB8419}.Ad-Hoc|ARM.Build.0 = Release|ARM
		{50268689-3860-4689-9C5D-251AABCB8419}.Ad-Hoc|ARM.Deploy.0 = Release|ARM
		{50268689-3860-4689-9C5D-251AABCB8419}.Ad-Hoc|iPhone.ActiveCfg = Release|x64
		{50268689-3860-4689-9C5D-251AABCB8419}.Ad-Hoc|iPhone.Build.0 = Release|x64
		{50268689-3860-4689-9C5D-251AABCB8419}.Ad-Hoc|iPhone.Deploy.0 = Release|x64
		{50268689-3860-4689-9C5D-251AABCB8419}.Ad-Hoc|iPhoneSimulator.ActiveCfg = Release|x64
		{50268689-3860-4689-9C5D-251AABCB8419}.Ad-Hoc|iPhoneSimulator.Build.0 = Release|x64
		{50268689-3860-4689-9C5D-251AABCB8419}.Ad-Hoc|iPhoneSimulator.Deploy.0 = Release|x64
		{50268689-3860-4689-9C5D-251AABCB8419}.Ad-Hoc|x64.ActiveCfg = Release|x64
		{50268689-3860-4689-9C5D-251AABCB8419}.Ad-Hoc|x64.Build.0 = Release|x64
		{50268689-3860-4689-9C5D-251AABCB8419}.Ad-Hoc|x64.Deploy.0 = Release|x64
		{50268689-3860-4689-9C5D-251AABCB8419}.Ad-Hoc|x86.ActiveCfg = Release|x86
		{50268689-3860-4689-9C5D-251AABCB8419}.Ad-Hoc|x86.Build.0 = Release|x86
		{50268689-3860-4689-9C5D-251AABCB8419}.Ad-Hoc|x86.Deploy.0 = Release|x86
		{50268689-3860-4689-9C5D-251AABCB8419}.AppStore|Any CPU.ActiveCfg = Release|x64
		{50268689-3860-4689-9C5D-251AABCB8419}.AppStore|Any CPU.Build.0 = Release|x64
		{50268689-3860-4689-9C5D-251AABCB8419}.AppStore|Any CPU.Deploy.0 = Release|x64
		{50268689-3860-4689-9C5D-251AABCB8419}.AppStore|ARM.ActiveCfg = Release|ARM
		{50268689-3860-4689-9C5D-251AABCB8419}.AppStore|ARM.Build.0 = Release|ARM
		{50268689-3860-4689-9C5D-251AABCB8419}.AppStore|ARM.Deploy.0 = Release|ARM
		{50268689-3860-4689-9C5D-251AABCB8419}.AppStore|iPhone.ActiveCfg = Release|x64
		{50268689-3860-4689-9C5D-251AABCB8419}.AppStore|iPhone.Build.0 = Release|x64
		{50268689-3860-4689-9C5D-251AABCB8419}.AppStore|iPhone.Deploy.0 = Release|x64
		{50268689-3860-4689-9C5D-251AABCB8419}.AppStore|iPhoneSimulator.ActiveCfg = Release|x64
		{50268689-3860-4689-9C5D-251AABCB8419}.AppStore|iPhoneSimulator.Build.0 = Release|x64
		{50268689-3860-4689-9C5D-251AABCB8419}.AppStore|iPhoneSimulator.Deploy.0 = Release|x64
		{50268689-3860-4689-9C5D-251AABCB8419}.AppStore|x64.ActiveCfg = Release|x64
		{50268689-3860-4689-9C5D-251AABCB8419}.AppStore|x64.Build.0 = Release|x64
		{50268689-3860-4689-9C5D-251AABCB8419}.AppStore|x64.Deploy.0 = Release|x64
		{50268689-3860-4689-9C5D-251AABCB8419}.AppStore|x86.ActiveCfg = Release|x86
		{50268689-3860-4689-9C5D-251AABCB8419}.AppStore|x86.Build.0 = Release|x86
		{50268689-3860-4689-9C5D-251AABCB8419}.AppStore|x86.Deploy.0 = Release|x86
		{50268689-3860-4689-9C5D-251AABCB8419}.Debug|Any CPU.ActiveCfg = Debug|x86
		{50268689-3860-4689-9C5D-251AABCB8419}.Debug|Any CPU.Build.0 = Debug|x86
		{50268689-3860-4689-9C5D-251AABCB8419}.Debug|Any CPU.Deploy.0 = Debug|x86
		{50268689-3860-4689-9C5D-251AABCB8419}.Debug|ARM.ActiveCfg = Debug|ARM
		{50268689-3860-4689-9C5D-251AABCB8419}.Debug|ARM.Build.0 = Debug|ARM
		{50268689-3860-4689-9C5D-251AABCB8419}.Debug|ARM.Deploy.0 = Debug|ARM
		{50268689-3860-4689-9C5D-251AABCB8419}.Debug|iPhone.ActiveCfg = Debug|x86
		{50268689-3860-4689-9C5D-251AABCB8419}.Debug|iPhoneSimulator.ActiveCfg = Debug|x86
		{50268689-3860-4689-9C5D-251AABCB8419}.Debug|x64.ActiveCfg = Debug|x64
		{50268689-3860-4689-9C5D-251AABCB8419}.Debug|x64.Build.0 = Debug|x64
		{50268689-3860-4689-9C5D-251AABCB8419}.Debug|x64.Deploy.0 = Debug|x64
		{50268689-3860-4689-9C5D-251AABCB8419}.Debug|x86.ActiveCfg = Debug|x86
		{50268689-3860-4689-9C5D-251AABCB8419}.Debug|x86.Build.0 = Debug|x86
		{50268689-3860-4689-9C5D-251AABCB8419}.Debug|x86.Deploy.0 = Debug|x86
		{50268689-3860-4689-9C5D-251AABCB8419}.Release|Any CPU.ActiveCfg = Release|x86
		{50268689-3860-4689-9C5D-251AABCB8419}.Release|ARM.ActiveCfg = Release|ARM
		{50268689-3860-4689-9C5D-251AABCB8419}.Release|ARM.Build.0 = Release|ARM
		{50268689-3860-4689-9C5D-251AABCB8419}.Release|ARM.Deploy.0 = Release|ARM
		{50268689-3860-4689-9C5D-251AABCB8419}.Release|iPhone.ActiveCfg = Release|x86
		{50268689-3860-4689-9C5D-251AABCB8419}.Release|iPhoneSimulator.ActiveCfg = Release|x86
		{50268689-3860-4689-9C5D-251AABCB8419}.Release|x64.ActiveCfg = Release|x64
		{50268689-3860-4689-9C5D-251AABCB8419}.Release|x64.Build.0 = Release|x64
		{50268689-3860-4689-9C5D-251AABCB8419}.Release|x64.Deploy.0 = Release|x64
		{50268689-3860-4689-9C5D-251AABCB8419}.Release|x86.ActiveCfg = Release|x86
		{50268689-3860-4689-9C5D-251AABCB8419}.Release|x86.Build.0 = Release|x86
		{50268689-3860-4689-9C5D-251AABCB8419}.Release|x86.Deploy.0 = Release|x86
	EndGlobalSection
	GlobalSection(SolutionProperties) = preSolution
		HideSolutionNode = FALSE
	EndGlobalSection
EndGlobal
